
Microsoft Visual Studio Solution File, Format Version 12.00
# Visual Studio Version 17
VisualStudioVersion = 17.12.35707.178
MinimumVisualStudioVersion = 10.0.40219.1
Project("{2150E333-8FDC-42A3-9474-1A3956D46DE8}") = "SchoolingSystem", "SchoolingSystem", "{5C818437-61A7-43E5-B8DF-07DE57518AB1}"
EndProject
Project("{FAE04EC0-301F-11D3-BF4B-00C04F79EFBC}") = "SchoolingSystem.Api", "SchoolingSystem.Api\SchoolingSystem.Api.csproj", "{4F49C162-C1E6-4E75-9368-7B0F363B6C9B}"
EndProject
Project("{FAE04EC0-301F-11D3-BF4B-00C04F79EFBC}") = "SchoolingSystem.BLL", "SchoolingSystem.BLL\SchoolingSystem.BLL.csproj", "{74107DC3-F046-47E0-808A-78BA3B587080}"
EndProject
Project("{FAE04EC0-301F-11D3-BF4B-00C04F79EFBC}") = "SchoolingSystem.DLL", "SchoolingSystem.DLL\SchoolingSystem.DLL.csproj", "{21654FF4-DA81-4A52-BB2A-9E7B6A1A1ADB}"
EndProject
Project("{FAE04EC0-301F-11D3-BF4B-00C04F79EFBC}") = "SchoolingSystem.Utils", "SchoolingSystem.Utils\SchoolingSystem.Utils.csproj", "{5D6CC50C-9CA1-4EF1-A750-39221FB51FC1}"
EndProject
Project("{2150E333-8FDC-42A3-9474-1A3956D46DE8}") = "StudentInfo", "StudentInfo", "{A9390849-19CF-4AD5-A01E-6A1B62151CE9}"
EndProject
Project("{FAE04EC0-301F-11D3-BF4B-00C04F79EFBC}") = "StudentInfo.Api", "StudentInfo.Api\StudentInfo.Api.csproj", "{3F19BE73-50B9-4BBC-9724-6F57ABEAB441}"
EndProject
Project("{FAE04EC0-301F-11D3-BF4B-00C04F79EFBC}") = "StudentInfo.BLL", "StudentInfo.BLL\StudentInfo.BLL.csproj", "{E3CCA102-062A-4D94-A36D-060E7B2D04F8}"
EndProject
Project("{FAE04EC0-301F-11D3-BF4B-00C04F79EFBC}") = "StudentInfo.DLL", "StudentInfo.DLL\StudentInfo.DLL.csproj", "{57C775BE-4094-4D48-AD84-33493EB964CE}"
EndProject
Project("{2150E333-8FDC-42A3-9474-1A3956D46DE8}") = "Teacherinfo", "Teacherinfo", "{8233A9B9-9724-4933-8C4D-72EE71482A72}"
EndProject
Project("{FAE04EC0-301F-11D3-BF4B-00C04F79EFBC}") = "Teacherinfo.Api", "Teacherinfo.Api\Teacherinfo.Api.csproj", "{93561636-92C9-4497-A31C-5CD234F36E5A}"
EndProject
Project("{FAE04EC0-301F-11D3-BF4B-00C04F79EFBC}") = "Teacherinfo.BLL", "Teacherinfo.BLL\Teacherinfo.BLL.csproj", "{A1D157C4-DF93-4D5B-82EB-EB337085616C}"
EndProject
Project("{FAE04EC0-301F-11D3-BF4B-00C04F79EFBC}") = "Teacherinfo.DLL", "Teacherinfo.DLL\Teacherinfo.DLL.csproj", "{99C23A4E-8D3B-448F-BB7A-5F1359DC9EC1}"
EndProject
Project("{FAE04EC0-301F-11D3-BF4B-00C04F79EFBC}") = "Teacherinfo.Utils", "Teacherinfo.Utils\Teacherinfo.Utils.csproj", "{50D31709-0298-41F4-8CA7-E572915AC54D}"
EndProject
Project("{2150E333-8FDC-42A3-9474-1A3956D46DE8}") = "ClassInfo", "ClassInfo", "{20F4F339-9761-46B4-9551-E9B97944B5BD}"
EndProject
Project("{FAE04EC0-301F-11D3-BF4B-00C04F79EFBC}") = "ClassInfo.Api", "ClassInfo.Api\ClassInfo.Api.csproj", "{A5A26BC0-74F5-4C2B-B4B6-CC3EE436DA81}"
EndProject
Project("{FAE04EC0-301F-11D3-BF4B-00C04F79EFBC}") = "ClassInfo.BLL", "ClassInfo.BLL\ClassInfo.BLL.csproj", "{507FCEA2-F046-443C-B889-E5FB2F41C17C}"
EndProject
Project("{FAE04EC0-301F-11D3-BF4B-00C04F79EFBC}") = "ClassInfo.DLL", "ClassInfo.DLL\ClassInfo.DLL.csproj", "{AC81F0F4-CBD3-401C-986C-40179908DB28}"
EndProject
Project("{FAE04EC0-301F-11D3-BF4B-00C04F79EFBC}") = "ClassInfo.Utils", "ClassInfo.Utils\ClassInfo.Utils.csproj", "{5B83300D-30B5-465E-B477-5EB43171D5C3}"
EndProject
Project("{FAE04EC0-301F-11D3-BF4B-00C04F79EFBC}") = "StudentInfo.Utils", "StudentInfo.Utils\StudentInfo.Utils.csproj", "{B383858F-56C7-4362-B841-3322A2712D39}"
EndProject
Project("{2150E333-8FDC-42A3-9474-1A3956D46DE8}") = "APIGateway", "APIGateway", "{B2964A18-9B3A-48CF-B4CB-CC5E8E0F262D}"
EndProject
Project("{FAE04EC0-301F-11D3-BF4B-00C04F79EFBC}") = "SchoolingSysApiGateway", "SchoolingSysApiGateway\SchoolingSysApiGateway.csproj", "{9C5AEA50-8CC3-4C0C-BD01-E31209377BA2}"
EndProject
Global
	GlobalSection(SolutionConfigurationPlatforms) = preSolution
		Debug|Any CPU = Debug|Any CPU
		Release|Any CPU = Release|Any CPU
	EndGlobalSection
	GlobalSection(ProjectConfigurationPlatforms) = postSolution
		{4F49C162-C1E6-4E75-9368-7B0F363B6C9B}.Debug|Any CPU.ActiveCfg = Debug|Any CPU
		{4F49C162-C1E6-4E75-9368-7B0F363B6C9B}.Debug|Any CPU.Build.0 = Debug|Any CPU
		{4F49C162-C1E6-4E75-9368-7B0F363B6C9B}.Release|Any CPU.ActiveCfg = Release|Any CPU
		{4F49C162-C1E6-4E75-9368-7B0F363B6C9B}.Release|Any CPU.Build.0 = Release|Any CPU
		{74107DC3-F046-47E0-808A-78BA3B587080}.Debug|Any CPU.ActiveCfg = Debug|Any CPU
		{74107DC3-F046-47E0-808A-78BA3B587080}.Debug|Any CPU.Build.0 = Debug|Any CPU
		{74107DC3-F046-47E0-808A-78BA3B587080}.Release|Any CPU.ActiveCfg = Release|Any CPU
		{74107DC3-F046-47E0-808A-78BA3B587080}.Release|Any CPU.Build.0 = Release|Any CPU
		{21654FF4-DA81-4A52-BB2A-9E7B6A1A1ADB}.Debug|Any CPU.ActiveCfg = Debug|Any CPU
		{21654FF4-DA81-4A52-BB2A-9E7B6A1A1ADB}.Debug|Any CPU.Build.0 = Debug|Any CPU
		{21654FF4-DA81-4A52-BB2A-9E7B6A1A1ADB}.Release|Any CPU.ActiveCfg = Release|Any CPU
		{21654FF4-DA81-4A52-BB2A-9E7B6A1A1ADB}.Release|Any CPU.Build.0 = Release|Any CPU
		{5D6CC50C-9CA1-4EF1-A750-39221FB51FC1}.Debug|Any CPU.ActiveCfg = Debug|Any CPU
		{5D6CC50C-9CA1-4EF1-A750-39221FB51FC1}.Debug|Any CPU.Build.0 = Debug|Any CPU
		{5D6CC50C-9CA1-4EF1-A750-39221FB51FC1}.Release|Any CPU.ActiveCfg = Release|Any CPU
		{5D6CC50C-9CA1-4EF1-A750-39221FB51FC1}.Release|Any CPU.Build.0 = Release|Any CPU
		{3F19BE73-50B9-4BBC-9724-6F57ABEAB441}.Debug|Any CPU.ActiveCfg = Debug|Any CPU
		{3F19BE73-50B9-4BBC-9724-6F57ABEAB441}.Debug|Any CPU.Build.0 = Debug|Any CPU
		{3F19BE73-50B9-4BBC-9724-6F57ABEAB441}.Release|Any CPU.ActiveCfg = Release|Any CPU
		{3F19BE73-50B9-4BBC-9724-6F57ABEAB441}.Release|Any CPU.Build.0 = Release|Any CPU
		{E3CCA102-062A-4D94-A36D-060E7B2D04F8}.Debug|Any CPU.ActiveCfg = Debug|Any CPU
		{E3CCA102-062A-4D94-A36D-060E7B2D04F8}.Debug|Any CPU.Build.0 = Debug|Any CPU
		{E3CCA102-062A-4D94-A36D-060E7B2D04F8}.Release|Any CPU.ActiveCfg = Release|Any CPU
		{E3CCA102-062A-4D94-A36D-060E7B2D04F8}.Release|Any CPU.Build.0 = Release|Any CPU
		{57C775BE-4094-4D48-AD84-33493EB964CE}.Debug|Any CPU.ActiveCfg = Debug|Any CPU
		{57C775BE-4094-4D48-AD84-33493EB964CE}.Debug|Any CPU.Build.0 = Debug|Any CPU
		{57C775BE-4094-4D48-AD84-33493EB964CE}.Release|Any CPU.ActiveCfg = Release|Any CPU
		{57C775BE-4094-4D48-AD84-33493EB964CE}.Release|Any CPU.Build.0 = Release|Any CPU
		{93561636-92C9-4497-A31C-5CD234F36E5A}.Debug|Any CPU.ActiveCfg = Debug|Any CPU
		{93561636-92C9-4497-A31C-5CD234F36E5A}.Debug|Any CPU.Build.0 = Debug|Any CPU
		{93561636-92C9-4497-A31C-5CD234F36E5A}.Release|Any CPU.ActiveCfg = Release|Any CPU
		{93561636-92C9-4497-A31C-5CD234F36E5A}.Release|Any CPU.Build.0 = Release|Any CPU
		{A1D157C4-DF93-4D5B-82EB-EB337085616C}.Debug|Any CPU.ActiveCfg = Debug|Any CPU
		{A1D157C4-DF93-4D5B-82EB-EB337085616C}.Debug|Any CPU.Build.0 = Debug|Any CPU
		{A1D157C4-DF93-4D5B-82EB-EB337085616C}.Release|Any CPU.ActiveCfg = Release|Any CPU
		{A1D157C4-DF93-4D5B-82EB-EB337085616C}.Release|Any CPU.Build.0 = Release|Any CPU
		{99C23A4E-8D3B-448F-BB7A-5F1359DC9EC1}.Debug|Any CPU.ActiveCfg = Debug|Any CPU
		{99C23A4E-8D3B-448F-BB7A-5F1359DC9EC1}.Debug|Any CPU.Build.0 = Debug|Any CPU
		{99C23A4E-8D3B-448F-BB7A-5F1359DC9EC1}.Release|Any CPU.ActiveCfg = Release|Any CPU
		{99C23A4E-8D3B-448F-BB7A-5F1359DC9EC1}.Release|Any CPU.Build.0 = Release|Any CPU
		{50D31709-0298-41F4-8CA7-E572915AC54D}.Debug|Any CPU.ActiveCfg = Debug|Any CPU
		{50D31709-0298-41F4-8CA7-E572915AC54D}.Debug|Any CPU.Build.0 = Debug|Any CPU
		{50D31709-0298-41F4-8CA7-E572915AC54D}.Release|Any CPU.ActiveCfg = Release|Any CPU
		{50D31709-0298-41F4-8CA7-E572915AC54D}.Release|Any CPU.Build.0 = Release|Any CPU
		{A5A26BC0-74F5-4C2B-B4B6-CC3EE436DA81}.Debug|Any CPU.ActiveCfg = Debug|Any CPU
		{A5A26BC0-74F5-4C2B-B4B6-CC3EE436DA81}.Debug|Any CPU.Build.0 = Debug|Any CPU
		{A5A26BC0-74F5-4C2B-B4B6-CC3EE436DA81}.Release|Any CPU.ActiveCfg = Release|Any CPU
		{A5A26BC0-74F5-4C2B-B4B6-CC3EE436DA81}.Release|Any CPU.Build.0 = Release|Any CPU
		{507FCEA2-F046-443C-B889-E5FB2F41C17C}.Debug|Any CPU.ActiveCfg = Debug|Any CPU
		{507FCEA2-F046-443C-B889-E5FB2F41C17C}.Debug|Any CPU.Build.0 = Debug|Any CPU
		{507FCEA2-F046-443C-B889-E5FB2F41C17C}.Release|Any CPU.ActiveCfg = Release|Any CPU
		{507FCEA2-F046-443C-B889-E5FB2F41C17C}.Release|Any CPU.Build.0 = Release|Any CPU
		{AC81F0F4-CBD3-401C-986C-40179908DB28}.Debug|Any CPU.ActiveCfg = Debug|Any CPU
		{AC81F0F4-CBD3-401C-986C-40179908DB28}.Debug|Any CPU.Build.0 = Debug|Any CPU
		{AC81F0F4-CBD3-401C-986C-40179908DB28}.Release|Any CPU.ActiveCfg = Release|Any CPU
		{AC81F0F4-CBD3-401C-986C-40179908DB28}.Release|Any CPU.Build.0 = Release|Any CPU
		{5B83300D-30B5-465E-B477-5EB43171D5C3}.Debug|Any CPU.ActiveCfg = Debug|Any CPU
		{5B83300D-30B5-465E-B477-5EB43171D5C3}.Debug|Any CPU.Build.0 = Debug|Any CPU
		{5B83300D-30B5-465E-B477-5EB43171D5C3}.Release|Any CPU.ActiveCfg = Release|Any CPU
		{5B83300D-30B5-465E-B477-5EB43171D5C3}.Release|Any CPU.Build.0 = Release|Any CPU
		{B383858F-56C7-4362-B841-3322A2712D39}.Debug|Any CPU.ActiveCfg = Debug|Any CPU
		{B383858F-56C7-4362-B841-3322A2712D39}.Debug|Any CPU.Build.0 = Debug|Any CPU
		{B383858F-56C7-4362-B841-3322A2712D39}.Release|Any CPU.ActiveCfg = Release|Any CPU
		{B383858F-56C7-4362-B841-3322A2712D39}.Release|Any CPU.Build.0 = Release|Any CPU
		{9C5AEA50-8CC3-4C0C-BD01-E31209377BA2}.Debug|Any CPU.ActiveCfg = Debug|Any CPU
		{9C5AEA50-8CC3-4C0C-BD01-E31209377BA2}.Debug|Any CPU.Build.0 = Debug|Any CPU
		{9C5AEA50-8CC3-4C0C-BD01-E31209377BA2}.Release|Any CPU.ActiveCfg = Release|Any CPU
		{9C5AEA50-8CC3-4C0C-BD01-E31209377BA2}.Release|Any CPU.Build.0 = Release|Any CPU
	EndGlobalSection
	GlobalSection(SolutionProperties) = preSolution
		HideSolutionNode = FALSE
	EndGlobalSection
	GlobalSection(NestedProjects) = preSolution
		{4F49C162-C1E6-4E75-9368-7B0F363B6C9B} = {5C818437-61A7-43E5-B8DF-07DE57518AB1}
		{74107DC3-F046-47E0-808A-78BA3B587080} = {5C818437-61A7-43E5-B8DF-07DE57518AB1}
		{21654FF4-DA81-4A52-BB2A-9E7B6A1A1ADB} = {5C818437-61A7-43E5-B8DF-07DE57518AB1}
		{5D6CC50C-9CA1-4EF1-A750-39221FB51FC1} = {5C818437-61A7-43E5-B8DF-07DE57518AB1}
		{3F19BE73-50B9-4BBC-9724-6F57ABEAB441} = {A9390849-19CF-4AD5-A01E-6A1B62151CE9}
		{E3CCA102-062A-4D94-A36D-060E7B2D04F8} = {A9390849-19CF-4AD5-A01E-6A1B62151CE9}
		{57C775BE-4094-4D48-AD84-33493EB964CE} = {A9390849-19CF-4AD5-A01E-6A1B62151CE9}
		{93561636-92C9-4497-A31C-5CD234F36E5A} = {8233A9B9-9724-4933-8C4D-72EE71482A72}
		{A1D157C4-DF93-4D5B-82EB-EB337085616C} = {8233A9B9-9724-4933-8C4D-72EE71482A72}
		{99C23A4E-8D3B-448F-BB7A-5F1359DC9EC1} = {8233A9B9-9724-4933-8C4D-72EE71482A72}
		{50D31709-0298-41F4-8CA7-E572915AC54D} = {8233A9B9-9724-4933-8C4D-72EE71482A72}
		{A5A26BC0-74F5-4C2B-B4B6-CC3EE436DA81} = {20F4F339-9761-46B4-9551-E9B97944B5BD}
		{507FCEA2-F046-443C-B889-E5FB2F41C17C} = {20F4F339-9761-46B4-9551-E9B97944B5BD}
		{AC81F0F4-CBD3-401C-986C-40179908DB28} = {20F4F339-9761-46B4-9551-E9B97944B5BD}
		{5B83300D-30B5-465E-B477-5EB43171D5C3} = {20F4F339-9761-46B4-9551-E9B97944B5BD}
		{B383858F-56C7-4362-B841-3322A2712D39} = {A9390849-19CF-4AD5-A01E-6A1B62151CE9}
		{9C5AEA50-8CC3-4C0C-BD01-E31209377BA2} = {B2964A18-9B3A-48CF-B4CB-CC5E8E0F262D}
	EndGlobalSection
EndGlobal
